
Microsoft Visual Studio Solution File, Format Version 12.00
# Visual Studio Version 17
VisualStudioVersion = 17.4.33213.308
MinimumVisualStudioVersion = 10.0.40219.1
Project("{FAE04EC0-301F-11D3-BF4B-00C04F79EFBC}") = "FileWatcherTrigger", "FileWatcherTrigger\FileWatcherTrigger.csproj", "{1C20751C-5E92-4F6D-AEC8-98D61F3F99A4}"
EndProject
Project("{FAE04EC0-301F-11D3-BF4B-00C04F79EFBC}") = "FileWatcherTriggerDemo", "FileWatcherTriggerDemo\FileWatcherTriggerDemo.csproj", "{F837849A-65AD-4791-BC49-F1B9E87D9FEA}"
EndProject
Global
	GlobalSection(SolutionConfigurationPlatforms) = preSolution
		Debug|Any CPU = Debug|Any CPU
		Release|Any CPU = Release|Any CPU
	EndGlobalSection
	GlobalSection(ProjectConfigurationPlatforms) = postSolution
		{1C20751C-5E92-4F6D-AEC8-98D61F3F99A4}.Debug|Any CPU.ActiveCfg = Debug|Any CPU
		{1C20751C-5E92-4F6D-AEC8-98D61F3F99A4}.Debug|Any CPU.Build.0 = Debug|Any CPU
		{1C20751C-5E92-4F6D-AEC8-98D61F3F99A4}.Release|Any CPU.ActiveCfg = Release|Any CPU
		{1C20751C-5E92-4F6D-AEC8-98D61F3F99A4}.Release|Any CPU.Build.0 = Release|Any CPU
		{F837849A-65AD-4791-BC49-F1B9E87D9FEA}.Debug|Any CPU.ActiveCfg = Debug|Any CPU
		{F837849A-65AD-4791-BC49-F1B9E87D9FEA}.Debug|Any CPU.Build.0 = Debug|Any CPU
		{F837849A-65AD-4791-BC49-F1B9E87D9FEA}.Release|Any CPU.ActiveCfg = Release|Any CPU
		{F837849A-65AD-4791-BC49-F1B9E87D9FEA}.Release|Any CPU.Build.0 = Release|Any CPU
	EndGlobalSection
	GlobalSection(SolutionProperties) = preSolution
		HideSolutionNode = FALSE
	EndGlobalSection
	GlobalSection(ExtensibilityGlobals) = postSolution
		SolutionGuid = {17BBF54C-1C5E-4687-AC41-A6074399E614}
	EndGlobalSection
EndGlobal
