
Microsoft Visual Studio Solution File, Format Version 12.00
# Visual Studio 15
VisualStudioVersion = 15.0.27703.2035
MinimumVisualStudioVersion = 10.0.40219.1
Project("{FAE04EC0-301F-11D3-BF4B-00C04F79EFBC}") = "FileWatcherTrigger", "FileWatcherTrigger\FileWatcherTrigger.csproj", "{C305CE78-2E02-4DC2-A860-B72A11744AC7}"
EndProject
Project("{FAE04EC0-301F-11D3-BF4B-00C04F79EFBC}") = "FileWatcherTriggerDemo", "FileWatcherTriggerDemo\FileWatcherTriggerDemo.csproj", "{C29DAD70-84F3-44B2-A456-7DF65D109628}"
EndProject
Global
	GlobalSection(SolutionConfigurationPlatforms) = preSolution
		Debug|Any CPU = Debug|Any CPU
		Release|Any CPU = Release|Any CPU
	EndGlobalSection
	GlobalSection(ProjectConfigurationPlatforms) = postSolution
		{C305CE78-2E02-4DC2-A860-B72A11744AC7}.Debug|Any CPU.ActiveCfg = Debug|Any CPU
		{C305CE78-2E02-4DC2-A860-B72A11744AC7}.Debug|Any CPU.Build.0 = Debug|Any CPU
		{C305CE78-2E02-4DC2-A860-B72A11744AC7}.Release|Any CPU.ActiveCfg = Release|Any CPU
		{C305CE78-2E02-4DC2-A860-B72A11744AC7}.Release|Any CPU.Build.0 = Release|Any CPU
		{C29DAD70-84F3-44B2-A456-7DF65D109628}.Debug|Any CPU.ActiveCfg = Debug|Any CPU
		{C29DAD70-84F3-44B2-A456-7DF65D109628}.Debug|Any CPU.Build.0 = Debug|Any CPU
		{C29DAD70-84F3-44B2-A456-7DF65D109628}.Release|Any CPU.ActiveCfg = Release|Any CPU
		{C29DAD70-84F3-44B2-A456-7DF65D109628}.Release|Any CPU.Build.0 = Release|Any CPU
	EndGlobalSection
	GlobalSection(SolutionProperties) = preSolution
		HideSolutionNode = FALSE
	EndGlobalSection
	GlobalSection(ExtensibilityGlobals) = postSolution
		SolutionGuid = {B60447C1-265D-4220-95F9-BCF5F800520D}
	EndGlobalSection
EndGlobal
